
Microsoft Visual Studio Solution File, Format Version 12.00
# Visual Studio Version 16
Project("{2150E333-8FDC-42A3-9474-1A3956D46DE8}") = "Solution Items", "Solution Items", "{FD6182F8-6924-B682-B2D4-440F1ED68E60}"
	ProjectSection(SolutionItems) = preProject
		.editorconfig = .editorconfig
	EndProjectSection
EndProject
Project("{2150E333-8FDC-42A3-9474-1A3956D46DE8}") = "Tools", "Tools", "{DD376B17-49ED-E30C-D2E1-DDE33E96DA10}"
EndProject
Project("{8BC9CEB8-8B4A-11D0-8D11-00A0C91BC942}") = "Editor", "Editor\Editor.vcxproj", "{8C1A20B0-78BC-4A86-6177-5EDA4DB8D1D6}"
EndProject
Project("{2150E333-8FDC-42A3-9474-1A3956D46DE8}") = "Core", "Core", "{15A0C35D-0158-05AB-6A5F-DE065636A09B}"
EndProject
Project("{8BC9CEB8-8B4A-11D0-8D11-00A0C91BC942}") = "Engine", "Engine\Engine.vcxproj", "{DBC7D3B0-C769-FE86-B024-12DB9C6585D7}"
EndProject
Project("{2150E333-8FDC-42A3-9474-1A3956D46DE8}") = "Dependencies", "Dependencies", "{53E47842-3FC8-3998-A828-34EB942B241A}"
EndProject
Project("{8BC9CEB8-8B4A-11D0-8D11-00A0C91BC942}") = "FreeImage", "vendor\FreeImage\FreeImage.vcxproj", "{2AA92D51-9613-E2C7-DF51-936D4BFBBF1C}"
EndProject
Project("{8BC9CEB8-8B4A-11D0-8D11-00A0C91BC942}") = "FreeImageLib", "vendor\FreeImage\FreeImageLib.vcxproj", "{2162D1BA-0DC5-605F-B64A-9915A28C2CE2}"
EndProject
Project("{8BC9CEB8-8B4A-11D0-8D11-00A0C91BC942}") = "FreeImagePlus", "vendor\FreeImage\FreeImagePlus.vcxproj", "{6EE7FF14-DAA7-7B4B-A3E2-C4C80F62C027}"
EndProject
Project("{8BC9CEB8-8B4A-11D0-8D11-00A0C91BC942}") = "GLFW", "vendor\GLFW\GLFW.vcxproj", "{154B857C-0182-860D-AA6E-6C109684020F}"
EndProject
Project("{8BC9CEB8-8B4A-11D0-8D11-00A0C91BC942}") = "Glad", "vendor\Glad\Glad.vcxproj", "{BDD6857C-A90D-870D-52FA-6C103E10030F}"
EndProject
Project("{8BC9CEB8-8B4A-11D0-8D11-00A0C91BC942}") = "ImGui", "vendor\ImGui\ImGui.vcxproj", "{C0FF640D-2C14-8DBE-F595-301E616989EF}"
EndProject
Project("{8BC9CEB8-8B4A-11D0-8D11-00A0C91BC942}") = "LibJPEG", "vendor\FreeImage\Source\LibJPEG\LibJPEG.vcxproj", "{A2A30EDA-0E83-8D75-179B-184C83F9F3D6}"
EndProject
Project("{8BC9CEB8-8B4A-11D0-8D11-00A0C91BC942}") = "LibJXR", "vendor\FreeImage\Source\LibJXR\LibJXR.vcxproj", "{1025CAC0-FCC6-F496-E581-08EBD1C27BE7}"
EndProject
Project("{8BC9CEB8-8B4A-11D0-8D11-00A0C91BC942}") = "LibOpenJPEG", "vendor\FreeImage\Source\LibOpenJPEG\LibOpenJPEG.vcxproj", "{74263D4C-E0DB-B541-69D0-AF18D584AC45}"
EndProject
Project("{8BC9CEB8-8B4A-11D0-8D11-00A0C91BC942}") = "LibPNG", "vendor\FreeImage\Source\LibPNG\LibPNG.vcxproj", "{413DCAC0-2DDF-F496-169A-08EB02DB7BE7}"
EndProject
Project("{8BC9CEB8-8B4A-11D0-8D11-00A0C91BC942}") = "LibRaw", "vendor\FreeImage\Source\LibRawLite\LibRaw.vcxproj", "{6648CAC0-52EA-F496-3BA5-08EB27E67BE7}"
EndProject
Project("{8BC9CEB8-8B4A-11D0-8D11-00A0C91BC942}") = "LibTIFF4", "vendor\FreeImage\Source\LibTIFF4\LibTIFF4.vcxproj", "{993A941C-8507-EF27-AE20-DDCF9A4C24B6}"
EndProject
Project("{8BC9CEB8-8B4A-11D0-8D11-00A0C91BC942}") = "LibWebP", "vendor\FreeImage\Source\LibWebP\LibWebP.vcxproj", "{AA2116DA-1601-9575-1F19-204C8B77FBD6}"
EndProject
Project("{8BC9CEB8-8B4A-11D0-8D11-00A0C91BC942}") = "Lua54", "vendor\Lua\Lua54.vcxproj", "{7012A00D-DC26-C8BE-A5A8-6B1E117CC4EF}"
EndProject
Project("{8BC9CEB8-8B4A-11D0-8D11-00A0C91BC942}") = "OpenEXR", "vendor\FreeImage\Source\OpenEXR\OpenEXR.vcxproj", "{26519BD1-9230-1A6D-9B48-A54307A780CE}"
EndProject
Project("{8BC9CEB8-8B4A-11D0-8D11-00A0C91BC942}") = "Premake", "vendor\premake\Premake.vcxproj", "{6ACC3F23-D6AB-BEBE-DFC3-49954B222520}"
EndProject
Project("{8BC9CEB8-8B4A-11D0-8D11-00A0C91BC942}") = "ZLib", "vendor\FreeImage\Source\ZLib\ZLib.vcxproj", "{D6BA8F7C-C2F1-900D-6BDE-761057F40C0F}"
EndProject
Project("{8BC9CEB8-8B4A-11D0-8D11-00A0C91BC942}") = "fmt", "vendor\fmt\fmt.vcxproj", "{4C73880B-B87C-887C-41F8-9E7CAD00947C}"
EndProject
Global
	GlobalSection(SolutionConfigurationPlatforms) = preSolution
		Debug|x64 = Debug|x64
		Dist|x64 = Dist|x64
		Release|x64 = Release|x64
	EndGlobalSection
	GlobalSection(ProjectConfigurationPlatforms) = postSolution
		{8C1A20B0-78BC-4A86-6177-5EDA4DB8D1D6}.Debug|x64.ActiveCfg = Debug|x64
		{8C1A20B0-78BC-4A86-6177-5EDA4DB8D1D6}.Debug|x64.Build.0 = Debug|x64
		{8C1A20B0-78BC-4A86-6177-5EDA4DB8D1D6}.Dist|x64.ActiveCfg = Dist|x64
		{8C1A20B0-78BC-4A86-6177-5EDA4DB8D1D6}.Dist|x64.Build.0 = Dist|x64
		{8C1A20B0-78BC-4A86-6177-5EDA4DB8D1D6}.Release|x64.ActiveCfg = Release|x64
		{8C1A20B0-78BC-4A86-6177-5EDA4DB8D1D6}.Release|x64.Build.0 = Release|x64
		{DBC7D3B0-C769-FE86-B024-12DB9C6585D7}.Debug|x64.ActiveCfg = Debug|x64
		{DBC7D3B0-C769-FE86-B024-12DB9C6585D7}.Debug|x64.Build.0 = Debug|x64
		{DBC7D3B0-C769-FE86-B024-12DB9C6585D7}.Dist|x64.ActiveCfg = Dist|x64
		{DBC7D3B0-C769-FE86-B024-12DB9C6585D7}.Dist|x64.Build.0 = Dist|x64
		{DBC7D3B0-C769-FE86-B024-12DB9C6585D7}.Release|x64.ActiveCfg = Release|x64
		{DBC7D3B0-C769-FE86-B024-12DB9C6585D7}.Release|x64.Build.0 = Release|x64
		{2AA92D51-9613-E2C7-DF51-936D4BFBBF1C}.Debug|x64.ActiveCfg = Debug|x64
		{2AA92D51-9613-E2C7-DF51-936D4BFBBF1C}.Debug|x64.Build.0 = Debug|x64
		{2AA92D51-9613-E2C7-DF51-936D4BFBBF1C}.Dist|x64.ActiveCfg = Dist|x64
		{2AA92D51-9613-E2C7-DF51-936D4BFBBF1C}.Dist|x64.Build.0 = Dist|x64
		{2AA92D51-9613-E2C7-DF51-936D4BFBBF1C}.Release|x64.ActiveCfg = Release|x64
		{2AA92D51-9613-E2C7-DF51-936D4BFBBF1C}.Release|x64.Build.0 = Release|x64
		{2162D1BA-0DC5-605F-B64A-9915A28C2CE2}.Debug|x64.ActiveCfg = Debug|x64
		{2162D1BA-0DC5-605F-B64A-9915A28C2CE2}.Debug|x64.Build.0 = Debug|x64
		{2162D1BA-0DC5-605F-B64A-9915A28C2CE2}.Dist|x64.ActiveCfg = Dist|x64
		{2162D1BA-0DC5-605F-B64A-9915A28C2CE2}.Dist|x64.Build.0 = Dist|x64
		{2162D1BA-0DC5-605F-B64A-9915A28C2CE2}.Release|x64.ActiveCfg = Release|x64
		{2162D1BA-0DC5-605F-B64A-9915A28C2CE2}.Release|x64.Build.0 = Release|x64
		{6EE7FF14-DAA7-7B4B-A3E2-C4C80F62C027}.Debug|x64.ActiveCfg = Debug|x64
		{6EE7FF14-DAA7-7B4B-A3E2-C4C80F62C027}.Debug|x64.Build.0 = Debug|x64
		{6EE7FF14-DAA7-7B4B-A3E2-C4C80F62C027}.Dist|x64.ActiveCfg = Dist|x64
		{6EE7FF14-DAA7-7B4B-A3E2-C4C80F62C027}.Dist|x64.Build.0 = Dist|x64
		{6EE7FF14-DAA7-7B4B-A3E2-C4C80F62C027}.Release|x64.ActiveCfg = Release|x64
		{6EE7FF14-DAA7-7B4B-A3E2-C4C80F62C027}.Release|x64.Build.0 = Release|x64
		{154B857C-0182-860D-AA6E-6C109684020F}.Debug|x64.ActiveCfg = Debug|x64
		{154B857C-0182-860D-AA6E-6C109684020F}.Debug|x64.Build.0 = Debug|x64
		{154B857C-0182-860D-AA6E-6C109684020F}.Dist|x64.ActiveCfg = Dist|x64
		{154B857C-0182-860D-AA6E-6C109684020F}.Dist|x64.Build.0 = Dist|x64
		{154B857C-0182-860D-AA6E-6C109684020F}.Release|x64.ActiveCfg = Release|x64
		{154B857C-0182-860D-AA6E-6C109684020F}.Release|x64.Build.0 = Release|x64
		{BDD6857C-A90D-870D-52FA-6C103E10030F}.Debug|x64.ActiveCfg = Debug|x64
		{BDD6857C-A90D-870D-52FA-6C103E10030F}.Debug|x64.Build.0 = Debug|x64
		{BDD6857C-A90D-870D-52FA-6C103E10030F}.Dist|x64.ActiveCfg = Dist|x64
		{BDD6857C-A90D-870D-52FA-6C103E10030F}.Dist|x64.Build.0 = Dist|x64
		{BDD6857C-A90D-870D-52FA-6C103E10030F}.Release|x64.ActiveCfg = Release|x64
		{BDD6857C-A90D-870D-52FA-6C103E10030F}.Release|x64.Build.0 = Release|x64
		{C0FF640D-2C14-8DBE-F595-301E616989EF}.Debug|x64.ActiveCfg = Debug|x64
		{C0FF640D-2C14-8DBE-F595-301E616989EF}.Debug|x64.Build.0 = Debug|x64
		{C0FF640D-2C14-8DBE-F595-301E616989EF}.Dist|x64.ActiveCfg = Dist|x64
		{C0FF640D-2C14-8DBE-F595-301E616989EF}.Dist|x64.Build.0 = Dist|x64
		{C0FF640D-2C14-8DBE-F595-301E616989EF}.Release|x64.ActiveCfg = Release|x64
		{C0FF640D-2C14-8DBE-F595-301E616989EF}.Release|x64.Build.0 = Release|x64
		{A2A30EDA-0E83-8D75-179B-184C83F9F3D6}.Debug|x64.ActiveCfg = Debug|x64
		{A2A30EDA-0E83-8D75-179B-184C83F9F3D6}.Debug|x64.Build.0 = Debug|x64
		{A2A30EDA-0E83-8D75-179B-184C83F9F3D6}.Dist|x64.ActiveCfg = Dist|x64
		{A2A30EDA-0E83-8D75-179B-184C83F9F3D6}.Dist|x64.Build.0 = Dist|x64
		{A2A30EDA-0E83-8D75-179B-184C83F9F3D6}.Release|x64.ActiveCfg = Release|x64
		{A2A30EDA-0E83-8D75-179B-184C83F9F3D6}.Release|x64.Build.0 = Release|x64
		{1025CAC0-FCC6-F496-E581-08EBD1C27BE7}.Debug|x64.ActiveCfg = Debug|x64
		{1025CAC0-FCC6-F496-E581-08EBD1C27BE7}.Debug|x64.Build.0 = Debug|x64
		{1025CAC0-FCC6-F496-E581-08EBD1C27BE7}.Dist|x64.ActiveCfg = Dist|x64
		{1025CAC0-FCC6-F496-E581-08EBD1C27BE7}.Dist|x64.Build.0 = Dist|x64
		{1025CAC0-FCC6-F496-E581-08EBD1C27BE7}.Release|x64.ActiveCfg = Release|x64
		{1025CAC0-FCC6-F496-E581-08EBD1C27BE7}.Release|x64.Build.0 = Release|x64
		{74263D4C-E0DB-B541-69D0-AF18D584AC45}.Debug|x64.ActiveCfg = Debug|x64
		{74263D4C-E0DB-B541-69D0-AF18D584AC45}.Debug|x64.Build.0 = Debug|x64
		{74263D4C-E0DB-B541-69D0-AF18D584AC45}.Dist|x64.ActiveCfg = Dist|x64
		{74263D4C-E0DB-B541-69D0-AF18D584AC45}.Dist|x64.Build.0 = Dist|x64
		{74263D4C-E0DB-B541-69D0-AF18D584AC45}.Release|x64.ActiveCfg = Release|x64
		{74263D4C-E0DB-B541-69D0-AF18D584AC45}.Release|x64.Build.0 = Release|x64
		{413DCAC0-2DDF-F496-169A-08EB02DB7BE7}.Debug|x64.ActiveCfg = Debug|x64
		{413DCAC0-2DDF-F496-169A-08EB02DB7BE7}.Debug|x64.Build.0 = Debug|x64
		{413DCAC0-2DDF-F496-169A-08EB02DB7BE7}.Dist|x64.ActiveCfg = Dist|x64
		{413DCAC0-2DDF-F496-169A-08EB02DB7BE7}.Dist|x64.Build.0 = Dist|x64
		{413DCAC0-2DDF-F496-169A-08EB02DB7BE7}.Release|x64.ActiveCfg = Release|x64
		{413DCAC0-2DDF-F496-169A-08EB02DB7BE7}.Release|x64.Build.0 = Release|x64
		{6648CAC0-52EA-F496-3BA5-08EB27E67BE7}.Debug|x64.ActiveCfg = Debug|x64
		{6648CAC0-52EA-F496-3BA5-08EB27E67BE7}.Debug|x64.Build.0 = Debug|x64
		{6648CAC0-52EA-F496-3BA5-08EB27E67BE7}.Dist|x64.ActiveCfg = Dist|x64
		{6648CAC0-52EA-F496-3BA5-08EB27E67BE7}.Dist|x64.Build.0 = Dist|x64
		{6648CAC0-52EA-F496-3BA5-08EB27E67BE7}.Release|x64.ActiveCfg = Release|x64
		{6648CAC0-52EA-F496-3BA5-08EB27E67BE7}.Release|x64.Build.0 = Release|x64
		{993A941C-8507-EF27-AE20-DDCF9A4C24B6}.Debug|x64.ActiveCfg = Debug|x64
		{993A941C-8507-EF27-AE20-DDCF9A4C24B6}.Debug|x64.Build.0 = Debug|x64
		{993A941C-8507-EF27-AE20-DDCF9A4C24B6}.Dist|x64.ActiveCfg = Dist|x64
		{993A941C-8507-EF27-AE20-DDCF9A4C24B6}.Dist|x64.Build.0 = Dist|x64
		{993A941C-8507-EF27-AE20-DDCF9A4C24B6}.Release|x64.ActiveCfg = Release|x64
		{993A941C-8507-EF27-AE20-DDCF9A4C24B6}.Release|x64.Build.0 = Release|x64
		{AA2116DA-1601-9575-1F19-204C8B77FBD6}.Debug|x64.ActiveCfg = Debug|x64
		{AA2116DA-1601-9575-1F19-204C8B77FBD6}.Debug|x64.Build.0 = Debug|x64
		{AA2116DA-1601-9575-1F19-204C8B77FBD6}.Dist|x64.ActiveCfg = Dist|x64
		{AA2116DA-1601-9575-1F19-204C8B77FBD6}.Dist|x64.Build.0 = Dist|x64
		{AA2116DA-1601-9575-1F19-204C8B77FBD6}.Release|x64.ActiveCfg = Release|x64
		{AA2116DA-1601-9575-1F19-204C8B77FBD6}.Release|x64.Build.0 = Release|x64
		{7012A00D-DC26-C8BE-A5A8-6B1E117CC4EF}.Debug|x64.ActiveCfg = Debug|x64
		{7012A00D-DC26-C8BE-A5A8-6B1E117CC4EF}.Debug|x64.Build.0 = Debug|x64
		{7012A00D-DC26-C8BE-A5A8-6B1E117CC4EF}.Dist|x64.ActiveCfg = Dist|x64
		{7012A00D-DC26-C8BE-A5A8-6B1E117CC4EF}.Dist|x64.Build.0 = Dist|x64
		{7012A00D-DC26-C8BE-A5A8-6B1E117CC4EF}.Release|x64.ActiveCfg = Release|x64
		{7012A00D-DC26-C8BE-A5A8-6B1E117CC4EF}.Release|x64.Build.0 = Release|x64
		{26519BD1-9230-1A6D-9B48-A54307A780CE}.Debug|x64.ActiveCfg = Debug|x64
		{26519BD1-9230-1A6D-9B48-A54307A780CE}.Debug|x64.Build.0 = Debug|x64
		{26519BD1-9230-1A6D-9B48-A54307A780CE}.Dist|x64.ActiveCfg = Dist|x64
		{26519BD1-9230-1A6D-9B48-A54307A780CE}.Dist|x64.Build.0 = Dist|x64
		{26519BD1-9230-1A6D-9B48-A54307A780CE}.Release|x64.ActiveCfg = Release|x64
		{26519BD1-9230-1A6D-9B48-A54307A780CE}.Release|x64.Build.0 = Release|x64
		{6ACC3F23-D6AB-BEBE-DFC3-49954B222520}.Debug|x64.ActiveCfg = Debug|x64
		{6ACC3F23-D6AB-BEBE-DFC3-49954B222520}.Debug|x64.Build.0 = Debug|x64
		{6ACC3F23-D6AB-BEBE-DFC3-49954B222520}.Dist|x64.ActiveCfg = Dist|x64
		{6ACC3F23-D6AB-BEBE-DFC3-49954B222520}.Dist|x64.Build.0 = Dist|x64
		{6ACC3F23-D6AB-BEBE-DFC3-49954B222520}.Release|x64.ActiveCfg = Release|x64
		{6ACC3F23-D6AB-BEBE-DFC3-49954B222520}.Release|x64.Build.0 = Release|x64
		{D6BA8F7C-C2F1-900D-6BDE-761057F40C0F}.Debug|x64.ActiveCfg = Debug|x64
		{D6BA8F7C-C2F1-900D-6BDE-761057F40C0F}.Debug|x64.Build.0 = Debug|x64
		{D6BA8F7C-C2F1-900D-6BDE-761057F40C0F}.Dist|x64.ActiveCfg = Dist|x64
		{D6BA8F7C-C2F1-900D-6BDE-761057F40C0F}.Dist|x64.Build.0 = Dist|x64
		{D6BA8F7C-C2F1-900D-6BDE-761057F40C0F}.Release|x64.ActiveCfg = Release|x64
		{D6BA8F7C-C2F1-900D-6BDE-761057F40C0F}.Release|x64.Build.0 = Release|x64
		{4C73880B-B87C-887C-41F8-9E7CAD00947C}.Debug|x64.ActiveCfg = Debug|x64
		{4C73880B-B87C-887C-41F8-9E7CAD00947C}.Debug|x64.Build.0 = Debug|x64
		{4C73880B-B87C-887C-41F8-9E7CAD00947C}.Dist|x64.ActiveCfg = Dist|x64
		{4C73880B-B87C-887C-41F8-9E7CAD00947C}.Dist|x64.Build.0 = Dist|x64
		{4C73880B-B87C-887C-41F8-9E7CAD00947C}.Release|x64.ActiveCfg = Release|x64
		{4C73880B-B87C-887C-41F8-9E7CAD00947C}.Release|x64.Build.0 = Release|x64
	EndGlobalSection
	GlobalSection(SolutionProperties) = preSolution
		HideSolutionNode = FALSE
	EndGlobalSection
	GlobalSection(NestedProjects) = preSolution
		{8C1A20B0-78BC-4A86-6177-5EDA4DB8D1D6} = {DD376B17-49ED-E30C-D2E1-DDE33E96DA10}
		{DBC7D3B0-C769-FE86-B024-12DB9C6585D7} = {15A0C35D-0158-05AB-6A5F-DE065636A09B}
		{2AA92D51-9613-E2C7-DF51-936D4BFBBF1C} = {53E47842-3FC8-3998-A828-34EB942B241A}
		{2162D1BA-0DC5-605F-B64A-9915A28C2CE2} = {53E47842-3FC8-3998-A828-34EB942B241A}
		{6EE7FF14-DAA7-7B4B-A3E2-C4C80F62C027} = {53E47842-3FC8-3998-A828-34EB942B241A}
		{154B857C-0182-860D-AA6E-6C109684020F} = {53E47842-3FC8-3998-A828-34EB942B241A}
		{BDD6857C-A90D-870D-52FA-6C103E10030F} = {53E47842-3FC8-3998-A828-34EB942B241A}
		{C0FF640D-2C14-8DBE-F595-301E616989EF} = {53E47842-3FC8-3998-A828-34EB942B241A}
		{A2A30EDA-0E83-8D75-179B-184C83F9F3D6} = {53E47842-3FC8-3998-A828-34EB942B241A}
		{1025CAC0-FCC6-F496-E581-08EBD1C27BE7} = {53E47842-3FC8-3998-A828-34EB942B241A}
		{74263D4C-E0DB-B541-69D0-AF18D584AC45} = {53E47842-3FC8-3998-A828-34EB942B241A}
		{413DCAC0-2DDF-F496-169A-08EB02DB7BE7} = {53E47842-3FC8-3998-A828-34EB942B241A}
		{6648CAC0-52EA-F496-3BA5-08EB27E67BE7} = {53E47842-3FC8-3998-A828-34EB942B241A}
		{993A941C-8507-EF27-AE20-DDCF9A4C24B6} = {53E47842-3FC8-3998-A828-34EB942B241A}
		{AA2116DA-1601-9575-1F19-204C8B77FBD6} = {53E47842-3FC8-3998-A828-34EB942B241A}
		{7012A00D-DC26-C8BE-A5A8-6B1E117CC4EF} = {53E47842-3FC8-3998-A828-34EB942B241A}
		{26519BD1-9230-1A6D-9B48-A54307A780CE} = {53E47842-3FC8-3998-A828-34EB942B241A}
		{6ACC3F23-D6AB-BEBE-DFC3-49954B222520} = {53E47842-3FC8-3998-A828-34EB942B241A}
		{D6BA8F7C-C2F1-900D-6BDE-761057F40C0F} = {53E47842-3FC8-3998-A828-34EB942B241A}
		{4C73880B-B87C-887C-41F8-9E7CAD00947C} = {53E47842-3FC8-3998-A828-34EB942B241A}
	EndGlobalSection
EndGlobal
